{
  "pins" : [
    {
      "identity" : "fittedsheets",
      "kind" : "remoteSourceControl",
      "location" : "https://github.com/gordontucker/FittedSheets",
      "state" : {
        "revision" : "3dcebb20ff42f644e9474a198acb886d4bd51793",
        "version" : "2.5.3"
      }
    },
    {
      "identity" : "fitttedsheets-swiftui",
      "kind" : "remoteSourceControl",
      "location" : "https://github.com/Jeonhui/FitttedSheets-SwiftUI",
      "state" : {
        "branch" : "main",
        "revision" : "34a9893501b4df1d69ab1be3fe39e0000f827518"
      }
    }
  ],
  "version" : 2
}
