// !$*UTF8*$!
{
	archiveVersion = 1;
	classes = {
	};
	objectVersion = 56;
	objects = {

/* Begin PBXBuildFile section */
		A55173DA2BFA058C004A6236 /* SimpleSettingExampleView.swift in Sources */ = {isa = PBXBuildFile; fileRef = A55173D92BFA058C004A6236 /* SimpleSettingExampleView.swift */; };
		A55173DC2BFA05AF004A6236 /* DetailSettingExampleView.swift in Sources */ = {isa = PBXBuildFile; fileRef = A55173DB2BFA05AF004A6236 /* DetailSettingExampleView.swift */; };
		A567AB322BF5B09000819941 /* FittedSheets_SwiftUI_ExampleApp.swift in Sources */ = {isa = PBXBuildFile; fileRef = A567AB312BF5B09000819941 /* FittedSheets_SwiftUI_ExampleApp.swift */; };
		A567AB342BF5B09000819941 /* MainView.swift in Sources */ = {isa = PBXBuildFile; fileRef = A567AB332BF5B09000819941 /* MainView.swift */; };
		A567AB362BF5B09100819941 /* Assets.xcassets in Resources */ = {isa = PBXBuildFile; fileRef = A567AB352BF5B09100819941 /* Assets.xcassets */; };
		A567AB392BF5B09100819941 /* Preview Assets.xcassets in Resources */ = {isa = PBXBuildFile; fileRef = A567AB382BF5B09100819941 /* Preview Assets.xcassets */; };
		A567AB4C2BF5B17F00819941 /* SheetSize+.swift in Sources */ = {isa = PBXBuildFile; fileRef = A567AB4B2BF5B17F00819941 /* SheetSize+.swift */; };
		A567AB4E2BF5B2D100819941 /* FittedSheetsSwiftUI in Frameworks */ = {isa = PBXBuildFile; productRef = A567AB4D2BF5B2D100819941 /* FittedSheetsSwiftUI */; };
		A567AB502BF5B72100819941 /* SheetContentView.swift in Sources */ = {isa = PBXBuildFile; fileRef = A567AB4F2BF5B72100819941 /* SheetContentView.swift */; };
		A567AB522BF5B78F00819941 /* ExampleView.swift in Sources */ = {isa = PBXBuildFile; fileRef = A567AB512BF5B78F00819941 /* ExampleView.swift */; };
/* End PBXBuildFile section */

/* Begin PBXFileReference section */
		A55173D92BFA058C004A6236 /* SimpleSettingExampleView.swift */ = {isa = PBXFileReference; lastKnownFileType = sourcecode.swift; path = SimpleSettingExampleView.swift; sourceTree = "<group>"; };
		A55173DB2BFA05AF004A6236 /* DetailSettingExampleView.swift */ = {isa = PBXFileReference; lastKnownFileType = sourcecode.swift; path = DetailSettingExampleView.swift; sourceTree = "<group>"; };
		A567AB2E2BF5B09000819941 /* FittedSheets-SwiftUI-Example.app */ = {isa = PBXFileReference; explicitFileType = wrapper.application; includeInIndex = 0; path = "FittedSheets-SwiftUI-Example.app"; sourceTree = BUILT_PRODUCTS_DIR; };
		A567AB312BF5B09000819941 /* FittedSheets_SwiftUI_ExampleApp.swift */ = {isa = PBXFileReference; lastKnownFileType = sourcecode.swift; path = FittedSheets_SwiftUI_ExampleApp.swift; sourceTree = "<group>"; };
		A567AB332BF5B09000819941 /* MainView.swift */ = {isa = PBXFileReference; lastKnownFileType = sourcecode.swift; path = MainView.swift; sourceTree = "<group>"; };
		A567AB352BF5B09100819941 /* Assets.xcassets */ = {isa = PBXFileReference; lastKnownFileType = folder.assetcatalog; path = Assets.xcassets; sourceTree = "<group>"; };
		A567AB382BF5B09100819941 /* Preview Assets.xcassets */ = {isa = PBXFileReference; lastKnownFileType = folder.assetcatalog; path = "Preview Assets.xcassets"; sourceTree = "<group>"; };
		A567AB402BF5B0A900819941 /* FitttedSheets-SwiftUI */ = {isa = PBXFileReference; lastKnownFileType = wrapper; name = "FitttedSheets-SwiftUI"; path = ..; sourceTree = "<group>"; };
		A567AB4B2BF5B17F00819941 /* SheetSize+.swift */ = {isa = PBXFileReference; lastKnownFileType = sourcecode.swift; path = "SheetSize+.swift"; sourceTree = "<group>"; };
		A567AB4F2BF5B72100819941 /* SheetContentView.swift */ = {isa = PBXFileReference; lastKnownFileType = sourcecode.swift; path = SheetContentView.swift; sourceTree = "<group>"; };
		A567AB512BF5B78F00819941 /* ExampleView.swift */ = {isa = PBXFileReference; lastKnownFileType = sourcecode.swift; path = ExampleView.swift; sourceTree = "<group>"; };
/* End PBXFileReference section */

/* Begin PBXFrameworksBuildPhase section */
		A567AB2B2BF5B09000819941 /* Frameworks */ = {
			isa = PBXFrameworksBuildPhase;
			buildActionMask = 2147483647;
			files = (
				A567AB4E2BF5B2D100819941 /* FittedSheetsSwiftUI in Frameworks */,
			);
			runOnlyForDeploymentPostprocessing = 0;
		};
/* End PBXFrameworksBuildPhase section */

/* Begin PBXGroup section */
		A55173D72BFA00D2004A6236 /* App */ = {
			isa = PBXGroup;
			children = (
				A567AB312BF5B09000819941 /* FittedSheets_SwiftUI_ExampleApp.swift */,
			);
			path = App;
			sourceTree = "<group>";
		};
		A55173D82BFA0576004A6236 /* CodeExmple */ = {
			isa = PBXGroup;
			children = (
				A55173D92BFA058C004A6236 /* SimpleSettingExampleView.swift */,
				A55173DB2BFA05AF004A6236 /* DetailSettingExampleView.swift */,
			);
			path = CodeExmple;
			sourceTree = "<group>";
		};
		A567AB252BF5B09000819941 = {
			isa = PBXGroup;
			children = (
				A567AB302BF5B09000819941 /* FittedSheets-SwiftUI-Example */,
				A567AB2F2BF5B09000819941 /* Products */,
				A567AB3F2BF5B0A900819941 /* Frameworks */,
			);
			sourceTree = "<group>";
		};
		A567AB2F2BF5B09000819941 /* Products */ = {
			isa = PBXGroup;
			children = (
				A567AB2E2BF5B09000819941 /* FittedSheets-SwiftUI-Example.app */,
			);
			name = Products;
			sourceTree = "<group>";
		};
		A567AB302BF5B09000819941 /* FittedSheets-SwiftUI-Example */ = {
			isa = PBXGroup;
			children = (
				A55173D72BFA00D2004A6236 /* App */,
				A55173D82BFA0576004A6236 /* CodeExmple */,
				A567AB332BF5B09000819941 /* MainView.swift */,
				A567AB512BF5B78F00819941 /* ExampleView.swift */,
				A567AB4F2BF5B72100819941 /* SheetContentView.swift */,
				A567AB352BF5B09100819941 /* Assets.xcassets */,
				A567AB4A2BF5B17400819941 /* Extensions */,
				A567AB372BF5B09100819941 /* Preview Content */,
			);
			path = "FittedSheets-SwiftUI-Example";
			sourceTree = "<group>";
		};
		A567AB372BF5B09100819941 /* Preview Content */ = {
			isa = PBXGroup;
			children = (
				A567AB382BF5B09100819941 /* Preview Assets.xcassets */,
			);
			path = "Preview Content";
			sourceTree = "<group>";
		};
		A567AB3F2BF5B0A900819941 /* Frameworks */ = {
			isa = PBXGroup;
			children = (
				A567AB402BF5B0A900819941 /* FitttedSheets-SwiftUI */,
			);
			name = Frameworks;
			sourceTree = "<group>";
		};
		A567AB4A2BF5B17400819941 /* Extensions */ = {
			isa = PBXGroup;
			children = (
				A567AB4B2BF5B17F00819941 /* SheetSize+.swift */,
			);
			path = Extensions;
			sourceTree = "<group>";
		};
/* End PBXGroup section */

/* Begin PBXNativeTarget section */
		A567AB2D2BF5B09000819941 /* FittedSheets-SwiftUI-Example */ = {
			isa = PBXNativeTarget;
			buildConfigurationList = A567AB3C2BF5B09100819941 /* Build configuration list for PBXNativeTarget "FittedSheets-SwiftUI-Example" */;
			buildPhases = (
				A567AB2A2BF5B09000819941 /* Sources */,
				A567AB2B2BF5B09000819941 /* Frameworks */,
				A567AB2C2BF5B09000819941 /* Resources */,
			);
			buildRules = (
			);
			dependencies = (
			);
			name = "FittedSheets-SwiftUI-Example";
			packageProductDependencies = (
				A567AB4D2BF5B2D100819941 /* FittedSheetsSwiftUI */,
			);
			productName = "FittedSheets-SwiftUI-Example";
			productReference = A567AB2E2BF5B09000819941 /* FittedSheets-SwiftUI-Example.app */;
			productType = "com.apple.product-type.application";
		};
/* End PBXNativeTarget section */

/* Begin PBXProject section */
		A567AB262BF5B09000819941 /* Project object */ = {
			isa = PBXProject;
			attributes = {
				BuildIndependentTargetsInParallel = 1;
				LastSwiftUpdateCheck = 1540;
				LastUpgradeCheck = 1540;
				TargetAttributes = {
					A567AB2D2BF5B09000819941 = {
						CreatedOnToolsVersion = 15.4;
					};
				};
			};
			buildConfigurationList = A567AB292BF5B09000819941 /* Build configuration list for PBXProject "FittedSheets-SwiftUI-Example" */;
			compatibilityVersion = "Xcode 14.0";
			developmentRegion = en;
			hasScannedForEncodings = 0;
			knownRegions = (
				en,
				Base,
			);
			mainGroup = A567AB252BF5B09000819941;
			productRefGroup = A567AB2F2BF5B09000819941 /* Products */;
			projectDirPath = "";
			projectRoot = "";
			targets = (
				A567AB2D2BF5B09000819941 /* FittedSheets-SwiftUI-Example */,
			);
		};
/* End PBXProject section */

/* Begin PBXResourcesBuildPhase section */
		A567AB2C2BF5B09000819941 /* Resources */ = {
			isa = PBXResourcesBuildPhase;
			buildActionMask = 2147483647;
			files = (
				A567AB392BF5B09100819941 /* Preview Assets.xcassets in Resources */,
				A567AB362BF5B09100819941 /* Assets.xcassets in Resources */,
			);
			runOnlyForDeploymentPostprocessing = 0;
		};
/* End PBXResourcesBuildPhase section */

/* Begin PBXSourcesBuildPhase section */
		A567AB2A2BF5B09000819941 /* Sources */ = {
			isa = PBXSourcesBuildPhase;
			buildActionMask = 2147483647;
			files = (
				A567AB502BF5B72100819941 /* SheetContentView.swift in Sources */,
				A55173DC2BFA05AF004A6236 /* DetailSettingExampleView.swift in Sources */,
				A567AB342BF5B09000819941 /* MainView.swift in Sources */,
				A567AB4C2BF5B17F00819941 /* SheetSize+.swift in Sources */,
				A55173DA2BFA058C004A6236 /* SimpleSettingExampleView.swift in Sources */,
				A567AB322BF5B09000819941 /* FittedSheets_SwiftUI_ExampleApp.swift in Sources */,
				A567AB522BF5B78F00819941 /* ExampleView.swift in Sources */,
			);
			runOnlyForDeploymentPostprocessing = 0;
		};
/* End PBXSourcesBuildPhase section */

/* Begin XCBuildConfiguration section */
		A567AB3A2BF5B09100819941 /* Debug */ = {
			isa = XCBuildConfiguration;
			buildSettings = {
				ALWAYS_SEARCH_USER_PATHS = NO;
				ASSETCATALOG_COMPILER_GENERATE_SWIFT_ASSET_SYMBOL_EXTENSIONS = YES;
				CLANG_ANALYZER_NONNULL = YES;
				CLANG_ANALYZER_NUMBER_OBJECT_CONVERSION = YES_AGGRESSIVE;
				CLANG_CXX_LANGUAGE_STANDARD = "gnu++20";
				CLANG_ENABLE_MODULES = YES;
				CLANG_ENABLE_OBJC_ARC = YES;
				CLANG_ENABLE_OBJC_WEAK = YES;
				CLANG_WARN_BLOCK_CAPTURE_AUTORELEASING = YES;
				CLANG_WARN_BOOL_CONVERSION = YES;
				CLANG_WARN_COMMA = YES;
				CLANG_WARN_CONSTANT_CONVERSION = YES;
				CLANG_WARN_DEPRECATED_OBJC_IMPLEMENTATIONS = YES;
				CLANG_WARN_DIRECT_OBJC_ISA_USAGE = YES_ERROR;
				CLANG_WARN_DOCUMENTATION_COMMENTS = YES;
				CLANG_WARN_EMPTY_BODY = YES;
				CLANG_WARN_ENUM_CONVERSION = YES;
				CLANG_WARN_INFINITE_RECURSION = YES;
				CLANG_WARN_INT_CONVERSION = YES;
				CLANG_WARN_NON_LITERAL_NULL_CONVERSION = YES;
				CLANG_WARN_OBJC_IMPLICIT_RETAIN_SELF = YES;
				CLANG_WARN_OBJC_LITERAL_CONVERSION = YES;
				CLANG_WARN_OBJC_ROOT_CLASS = YES_ERROR;
				CLANG_WARN_QUOTED_INCLUDE_IN_FRAMEWORK_HEADER = YES;
				CLANG_WARN_RANGE_LOOP_ANALYSIS = YES;
				CLANG_WARN_STRICT_PROTOTYPES = YES;
				CLANG_WARN_SUSPICIOUS_MOVE = YES;
				CLANG_WARN_UNGUARDED_AVAILABILITY = YES_AGGRESSIVE;
				CLANG_WARN_UNREACHABLE_CODE = YES;
				CLANG_WARN__DUPLICATE_METHOD_MATCH = YES;
				COPY_PHASE_STRIP = NO;
				DEBUG_INFORMATION_FORMAT = dwarf;
				ENABLE_STRICT_OBJC_MSGSEND = YES;
				ENABLE_TESTABILITY = YES;
				ENABLE_USER_SCRIPT_SANDBOXING = YES;
				GCC_C_LANGUAGE_STANDARD = gnu17;
				GCC_DYNAMIC_NO_PIC = NO;
				GCC_NO_COMMON_BLOCKS = YES;
				GCC_OPTIMIZATION_LEVEL = 0;
				GCC_PREPROCESSOR_DEFINITIONS = (
					"DEBUG=1",
					"$(inherited)",
				);
				GCC_WARN_64_TO_32_BIT_CONVERSION = YES;
				GCC_WARN_ABOUT_RETURN_TYPE = YES_ERROR;
				GCC_WARN_UNDECLARED_SELECTOR = YES;
				GCC_WARN_UNINITIALIZED_AUTOS = YES_AGGRESSIVE;
				GCC_WARN_UNUSED_FUNCTION = YES;
				GCC_WARN_UNUSED_VARIABLE = YES;
				IPHONEOS_DEPLOYMENT_TARGET = 17.5;
				LOCALIZATION_PREFERS_STRING_CATALOGS = YES;
				MTL_ENABLE_DEBUG_INFO = INCLUDE_SOURCE;
				MTL_FAST_MATH = YES;
				ONLY_ACTIVE_ARCH = YES;
				SDKROOT = iphoneos;
				SWIFT_ACTIVE_COMPILATION_CONDITIONS = "DEBUG $(inherited)";
				SWIFT_OPTIMIZATION_LEVEL = "-Onone";
			};
			name = Debug;
		};
		A567AB3B2BF5B09100819941 /* Release */ = {
			isa = XCBuildConfiguration;
			buildSettings = {
				ALWAYS_SEARCH_USER_PATHS = NO;
				ASSETCATALOG_COMPILER_GENERATE_SWIFT_ASSET_SYMBOL_EXTENSIONS = YES;
				CLANG_ANALYZER_NONNULL = YES;
				CLANG_ANALYZER_NUMBER_OBJECT_CONVERSION = YES_AGGRESSIVE;
				CLANG_CXX_LANGUAGE_STANDARD = "gnu++20";
				CLANG_ENABLE_MODULES = YES;
				CLANG_ENABLE_OBJC_ARC = YES;
				CLANG_ENABLE_OBJC_WEAK = YES;
				CLANG_WARN_BLOCK_CAPTURE_AUTORELEASING = YES;
				CLANG_WARN_BOOL_CONVERSION = YES;
				CLANG_WARN_COMMA = YES;
				CLANG_WARN_CONSTANT_CONVERSION = YES;
				CLANG_WARN_DEPRECATED_OBJC_IMPLEMENTATIONS = YES;
				CLANG_WARN_DIRECT_OBJC_ISA_USAGE = YES_ERROR;
				CLANG_WARN_DOCUMENTATION_COMMENTS = YES;
				CLANG_WARN_EMPTY_BODY = YES;
				CLANG_WARN_ENUM_CONVERSION = YES;
				CLANG_WARN_INFINITE_RECURSION = YES;
				CLANG_WARN_INT_CONVERSION = YES;
				CLANG_WARN_NON_LITERAL_NULL_CONVERSION = YES;
				CLANG_WARN_OBJC_IMPLICIT_RETAIN_SELF = YES;
				CLANG_WARN_OBJC_LITERAL_CONVERSION = YES;
				CLANG_WARN_OBJC_ROOT_CLASS = YES_ERROR;
				CLANG_WARN_QUOTED_INCLUDE_IN_FRAMEWORK_HEADER = YES;
				CLANG_WARN_RANGE_LOOP_ANALYSIS = YES;
				CLANG_WARN_STRICT_PROTOTYPES = YES;
				CLANG_WARN_SUSPICIOUS_MOVE = YES;
				CLANG_WARN_UNGUARDED_AVAILABILITY = YES_AGGRESSIVE;
				CLANG_WARN_UNREACHABLE_CODE = YES;
				CLANG_WARN__DUPLICATE_METHOD_MATCH = YES;
				COPY_PHASE_STRIP = NO;
				DEBUG_INFORMATION_FORMAT = "dwarf-with-dsym";
				ENABLE_NS_ASSERTIONS = NO;
				ENABLE_STRICT_OBJC_MSGSEND = YES;
				ENABLE_USER_SCRIPT_SANDBOXING = YES;
				GCC_C_LANGUAGE_STANDARD = gnu17;
				GCC_NO_COMMON_BLOCKS = YES;
				GCC_WARN_64_TO_32_BIT_CONVERSION = YES;
				GCC_WARN_ABOUT_RETURN_TYPE = YES_ERROR;
				GCC_WARN_UNDECLARED_SELECTOR = YES;
				GCC_WARN_UNINITIALIZED_AUTOS = YES_AGGRESSIVE;
				GCC_WARN_UNUSED_FUNCTION = YES;
				GCC_WARN_UNUSED_VARIABLE = YES;
				IPHONEOS_DEPLOYMENT_TARGET = 17.5;
				LOCALIZATION_PREFERS_STRING_CATALOGS = YES;
				MTL_ENABLE_DEBUG_INFO = NO;
				MTL_FAST_MATH = YES;
				SDKROOT = iphoneos;
				SWIFT_COMPILATION_MODE = wholemodule;
				VALIDATE_PRODUCT = YES;
			};
			name = Release;
		};
		A567AB3D2BF5B09100819941 /* Debug */ = {
			isa = XCBuildConfiguration;
			buildSettings = {
				ASSETCATALOG_COMPILER_APPICON_NAME = AppIcon;
				ASSETCATALOG_COMPILER_GLOBAL_ACCENT_COLOR_NAME = AccentColor;
				CODE_SIGN_STYLE = Automatic;
				CURRENT_PROJECT_VERSION = 1;
				DEVELOPMENT_ASSET_PATHS = "\"FittedSheets-SwiftUI-Example/Preview Content\"";
				DEVELOPMENT_TEAM = B2XR5545F7;
				ENABLE_PREVIEWS = YES;
				GENERATE_INFOPLIST_FILE = YES;
				INFOPLIST_KEY_UIApplicationSceneManifest_Generation = YES;
				INFOPLIST_KEY_UIApplicationSupportsIndirectInputEvents = YES;
				INFOPLIST_KEY_UILaunchScreen_Generation = YES;
				INFOPLIST_KEY_UISupportedInterfaceOrientations_iPad = "UIInterfaceOrientationPortrait UIInterfaceOrientationPortraitUpsideDown UIInterfaceOrientationLandscapeLeft UIInterfaceOrientationLandscapeRight";
				INFOPLIST_KEY_UISupportedInterfaceOrientations_iPhone = "UIInterfaceOrientationPortrait UIInterfaceOrientationLandscapeLeft UIInterfaceOrientationLandscapeRight";
				LD_RUNPATH_SEARCH_PATHS = (
					"$(inherited)",
					"@executable_path/Frameworks",
				);
				MARKETING_VERSION = 1.0;
				PRODUCT_BUNDLE_IDENTIFIER = "Jeonhui.FittedSheets-SwiftUI-Example";
				PRODUCT_NAME = "$(TARGET_NAME)";
				SWIFT_EMIT_LOC_STRINGS = YES;
				SWIFT_VERSION = 5.0;
				TARGETED_DEVICE_FAMILY = "1,2";
			};
			name = Debug;
		};
		A567AB3E2BF5B09100819941 /* Release */ = {
			isa = XCBuildConfiguration;
			buildSettings = {
				ASSETCATALOG_COMPILER_APPICON_NAME = AppIcon;
				ASSETCATALOG_COMPILER_GLOBAL_ACCENT_COLOR_NAME = AccentColor;
				CODE_SIGN_STYLE = Automatic;
				CURRENT_PROJECT_VERSION = 1;
				DEVELOPMENT_ASSET_PATHS = "\"FittedSheets-SwiftUI-Example/Preview Content\"";
				DEVELOPMENT_TEAM = B2XR5545F7;
				ENABLE_PREVIEWS = YES;
				GENERATE_INFOPLIST_FILE = YES;
				INFOPLIST_KEY_UIApplicationSceneManifest_Generation = YES;
				INFOPLIST_KEY_UIApplicationSupportsIndirectInputEvents = YES;
				INFOPLIST_KEY_UILaunchScreen_Generation = YES;
				INFOPLIST_KEY_UISupportedInterfaceOrientations_iPad = "UIInterfaceOrientationPortrait UIInterfaceOrientationPortraitUpsideDown UIInterfaceOrientationLandscapeLeft UIInterfaceOrientationLandscapeRight";
				INFOPLIST_KEY_UISupportedInterfaceOrientations_iPhone = "UIInterfaceOrientationPortrait UIInterfaceOrientationLandscapeLeft UIInterfaceOrientationLandscapeRight";
				LD_RUNPATH_SEARCH_PATHS = (
					"$(inherited)",
					"@executable_path/Frameworks",
				);
				MARKETING_VERSION = 1.0;
				PRODUCT_BUNDLE_IDENTIFIER = "Jeonhui.FittedSheets-SwiftUI-Example";
				PRODUCT_NAME = "$(TARGET_NAME)";
				SWIFT_EMIT_LOC_STRINGS = YES;
				SWIFT_VERSION = 5.0;
				TARGETED_DEVICE_FAMILY = "1,2";
			};
			name = Release;
		};
/* End XCBuildConfiguration section */

/* Begin XCConfigurationList section */
		A567AB292BF5B09000819941 /* Build configuration list for PBXProject "FittedSheets-SwiftUI-Example" */ = {
			isa = XCConfigurationList;
			buildConfigurations = (
				A567AB3A2BF5B09100819941 /* Debug */,
				A567AB3B2BF5B09100819941 /* Release */,
			);
			defaultConfigurationIsVisible = 0;
			defaultConfigurationName = Release;
		};
		A567AB3C2BF5B09100819941 /* Build configuration list for PBXNativeTarget "FittedSheets-SwiftUI-Example" */ = {
			isa = XCConfigurationList;
			buildConfigurations = (
				A567AB3D2BF5B09100819941 /* Debug */,
				A567AB3E2BF5B09100819941 /* Release */,
			);
			defaultConfigurationIsVisible = 0;
			defaultConfigurationName = Release;
		};
/* End XCConfigurationList section */

/* Begin XCSwiftPackageProductDependency section */
		A567AB4D2BF5B2D100819941 /* FittedSheetsSwiftUI */ = {
			isa = XCSwiftPackageProductDependency;
			productName = FittedSheetsSwiftUI;
		};
/* End XCSwiftPackageProductDependency section */
	};
	rootObject = A567AB262BF5B09000819941 /* Project object */;
}
