// !$*UTF8*$!
{
	archiveVersion = 1;
	classes = {
	};
	objectVersion = 56;
	objects = {

/* Begin PBXBuildFile section */
		A59174732BA0A3E500ECD2BD /* FittedSheetsSwiftUI in Frameworks */ = {isa = PBXBuildFile; productRef = A59174722BA0A3E500ECD2BD /* FittedSheetsSwiftUI */; };
		A59174752BA0A41B00ECD2BD /* InlineContentView.swift in Sources */ = {isa = PBXBuildFile; fileRef = A59174742BA0A41B00ECD2BD /* InlineContentView.swift */; };
		A5DD248A2A8DF27E00EF7364 /* FittedSheet_SwiftUI_ExampleApp.swift in Sources */ = {isa = PBXBuildFile; fileRef = A5DD24892A8DF27E00EF7364 /* FittedSheet_SwiftUI_ExampleApp.swift */; };
		A5DD248C2A8DF27E00EF7364 /* ContentView.swift in Sources */ = {isa = PBXBuildFile; fileRef = A5DD248B2A8DF27E00EF7364 /* ContentView.swift */; };
		A5DD248E2A8DF27F00EF7364 /* Assets.xcassets in Resources */ = {isa = PBXBuildFile; fileRef = A5DD248D2A8DF27F00EF7364 /* Assets.xcassets */; };
		A5DD24912A8DF27F00EF7364 /* Preview Assets.xcassets in Resources */ = {isa = PBXBuildFile; fileRef = A5DD24902A8DF27F00EF7364 /* Preview Assets.xcassets */; };
		A5FA3CCD2BA0C1B9001AE190 /* SecondInlineContentView.swift in Sources */ = {isa = PBXBuildFile; fileRef = A5FA3CCC2BA0C1B9001AE190 /* SecondInlineContentView.swift */; };
/* End PBXBuildFile section */

/* Begin PBXFileReference section */
		A59174702BA0A3D600ECD2BD /* FitttedSheets-SwiftUI */ = {isa = PBXFileReference; lastKnownFileType = wrapper; name = "FitttedSheets-SwiftUI"; path = ..; sourceTree = "<group>"; };
		A59174742BA0A41B00ECD2BD /* InlineContentView.swift */ = {isa = PBXFileReference; lastKnownFileType = sourcecode.swift; path = InlineContentView.swift; sourceTree = "<group>"; };
		A5DD24862A8DF27E00EF7364 /* FittedSheet-SwiftUI-Example.app */ = {isa = PBXFileReference; explicitFileType = wrapper.application; includeInIndex = 0; path = "FittedSheet-SwiftUI-Example.app"; sourceTree = BUILT_PRODUCTS_DIR; };
		A5DD24892A8DF27E00EF7364 /* FittedSheet_SwiftUI_ExampleApp.swift */ = {isa = PBXFileReference; lastKnownFileType = sourcecode.swift; path = FittedSheet_SwiftUI_ExampleApp.swift; sourceTree = "<group>"; };
		A5DD248B2A8DF27E00EF7364 /* ContentView.swift */ = {isa = PBXFileReference; lastKnownFileType = sourcecode.swift; path = ContentView.swift; sourceTree = "<group>"; };
		A5DD248D2A8DF27F00EF7364 /* Assets.xcassets */ = {isa = PBXFileReference; lastKnownFileType = folder.assetcatalog; path = Assets.xcassets; sourceTree = "<group>"; };
		A5DD24902A8DF27F00EF7364 /* Preview Assets.xcassets */ = {isa = PBXFileReference; lastKnownFileType = folder.assetcatalog; path = "Preview Assets.xcassets"; sourceTree = "<group>"; };
		A5FA3CCC2BA0C1B9001AE190 /* SecondInlineContentView.swift */ = {isa = PBXFileReference; lastKnownFileType = sourcecode.swift; path = SecondInlineContentView.swift; sourceTree = "<group>"; };
/* End PBXFileReference section */

/* Begin PBXFrameworksBuildPhase section */
		A5DD24832A8DF27E00EF7364 /* Frameworks */ = {
			isa = PBXFrameworksBuildPhase;
			buildActionMask = 2147483647;
			files = (
				A59174732BA0A3E500ECD2BD /* FittedSheetsSwiftUI in Frameworks */,
			);
			runOnlyForDeploymentPostprocessing = 0;
		};
/* End PBXFrameworksBuildPhase section */

/* Begin PBXGroup section */
		A59174712BA0A3E500ECD2BD /* Frameworks */ = {
			isa = PBXGroup;
			children = (
			);
			name = Frameworks;
			sourceTree = "<group>";
		};
		A5DD247D2A8DF27E00EF7364 = {
			isa = PBXGroup;
			children = (
				A59174702BA0A3D600ECD2BD /* FitttedSheets-SwiftUI */,
				A5DD24882A8DF27E00EF7364 /* FittedSheet-SwiftUI-Example */,
				A5DD24872A8DF27E00EF7364 /* Products */,
				A59174712BA0A3E500ECD2BD /* Frameworks */,
			);
			sourceTree = "<group>";
		};
		A5DD24872A8DF27E00EF7364 /* Products */ = {
			isa = PBXGroup;
			children = (
				A5DD24862A8DF27E00EF7364 /* FittedSheet-SwiftUI-Example.app */,
			);
			name = Products;
			sourceTree = "<group>";
		};
		A5DD24882A8DF27E00EF7364 /* FittedSheet-SwiftUI-Example */ = {
			isa = PBXGroup;
			children = (
				A5DD24892A8DF27E00EF7364 /* FittedSheet_SwiftUI_ExampleApp.swift */,
				A5DD248B2A8DF27E00EF7364 /* ContentView.swift */,
				A59174742BA0A41B00ECD2BD /* InlineContentView.swift */,
				A5DD248D2A8DF27F00EF7364 /* Assets.xcassets */,
				A5DD248F2A8DF27F00EF7364 /* Preview Content */,
				A5FA3CCC2BA0C1B9001AE190 /* SecondInlineContentView.swift */,
			);
			path = "FittedSheet-SwiftUI-Example";
			sourceTree = "<group>";
		};
		A5DD248F2A8DF27F00EF7364 /* Preview Content */ = {
			isa = PBXGroup;
			children = (
				A5DD24902A8DF27F00EF7364 /* Preview Assets.xcassets */,
			);
			path = "Preview Content";
			sourceTree = "<group>";
		};
/* End PBXGroup section */

/* Begin PBXNativeTarget section */
		A5DD24852A8DF27E00EF7364 /* FittedSheet-SwiftUI-Example */ = {
			isa = PBXNativeTarget;
			buildConfigurationList = A5DD24942A8DF27F00EF7364 /* Build configuration list for PBXNativeTarget "FittedSheet-SwiftUI-Example" */;
			buildPhases = (
				A5DD24822A8DF27E00EF7364 /* Sources */,
				A5DD24832A8DF27E00EF7364 /* Frameworks */,
				A5DD24842A8DF27E00EF7364 /* Resources */,
			);
			buildRules = (
			);
			dependencies = (
			);
			name = "FittedSheet-SwiftUI-Example";
			packageProductDependencies = (
				A59174722BA0A3E500ECD2BD /* FittedSheetsSwiftUI */,
			);
			productName = "FittedSheet-SwiftUI-Example";
			productReference = A5DD24862A8DF27E00EF7364 /* FittedSheet-SwiftUI-Example.app */;
			productType = "com.apple.product-type.application";
		};
/* End PBXNativeTarget section */

/* Begin PBXProject section */
		A5DD247E2A8DF27E00EF7364 /* Project object */ = {
			isa = PBXProject;
			attributes = {
				BuildIndependentTargetsInParallel = 1;
				LastSwiftUpdateCheck = 1430;
				LastUpgradeCheck = 1430;
				TargetAttributes = {
					A5DD24852A8DF27E00EF7364 = {
						CreatedOnToolsVersion = 14.3.1;
					};
				};
			};
			buildConfigurationList = A5DD24812A8DF27E00EF7364 /* Build configuration list for PBXProject "FittedSheet-SwiftUI-Example" */;
			compatibilityVersion = "Xcode 14.0";
			developmentRegion = en;
			hasScannedForEncodings = 0;
			knownRegions = (
				en,
				Base,
			);
			mainGroup = A5DD247D2A8DF27E00EF7364;
			packageReferences = (
			);
			productRefGroup = A5DD24872A8DF27E00EF7364 /* Products */;
			projectDirPath = "";
			projectRoot = "";
			targets = (
				A5DD24852A8DF27E00EF7364 /* FittedSheet-SwiftUI-Example */,
			);
		};
/* End PBXProject section */

/* Begin PBXResourcesBuildPhase section */
		A5DD24842A8DF27E00EF7364 /* Resources */ = {
			isa = PBXResourcesBuildPhase;
			buildActionMask = 2147483647;
			files = (
				A5DD24912A8DF27F00EF7364 /* Preview Assets.xcassets in Resources */,
				A5DD248E2A8DF27F00EF7364 /* Assets.xcassets in Resources */,
			);
			runOnlyForDeploymentPostprocessing = 0;
		};
/* End PBXResourcesBuildPhase section */

/* Begin PBXSourcesBuildPhase section */
		A5DD24822A8DF27E00EF7364 /* Sources */ = {
			isa = PBXSourcesBuildPhase;
			buildActionMask = 2147483647;
			files = (
				A5DD248C2A8DF27E00EF7364 /* ContentView.swift in Sources */,
				A5FA3CCD2BA0C1B9001AE190 /* SecondInlineContentView.swift in Sources */,
				A5DD248A2A8DF27E00EF7364 /* FittedSheet_SwiftUI_ExampleApp.swift in Sources */,
				A59174752BA0A41B00ECD2BD /* InlineContentView.swift in Sources */,
			);
			runOnlyForDeploymentPostprocessing = 0;
		};
/* End PBXSourcesBuildPhase section */

/* Begin XCBuildConfiguration section */
		A5DD24922A8DF27F00EF7364 /* Debug */ = {
			isa = XCBuildConfiguration;
			buildSettings = {
				ALWAYS_SEARCH_USER_PATHS = NO;
				CLANG_ANALYZER_NONNULL = YES;
				CLANG_ANALYZER_NUMBER_OBJECT_CONVERSION = YES_AGGRESSIVE;
				CLANG_CXX_LANGUAGE_STANDARD = "gnu++20";
				CLANG_ENABLE_MODULES = YES;
				CLANG_ENABLE_OBJC_ARC = YES;
				CLANG_ENABLE_OBJC_WEAK = YES;
				CLANG_WARN_BLOCK_CAPTURE_AUTORELEASING = YES;
				CLANG_WARN_BOOL_CONVERSION = YES;
				CLANG_WARN_COMMA = YES;
				CLANG_WARN_CONSTANT_CONVERSION = YES;
				CLANG_WARN_DEPRECATED_OBJC_IMPLEMENTATIONS = YES;
				CLANG_WARN_DIRECT_OBJC_ISA_USAGE = YES_ERROR;
				CLANG_WARN_DOCUMENTATION_COMMENTS = YES;
				CLANG_WARN_EMPTY_BODY = YES;
				CLANG_WARN_ENUM_CONVERSION = YES;
				CLANG_WARN_INFINITE_RECURSION = YES;
				CLANG_WARN_INT_CONVERSION = YES;
				CLANG_WARN_NON_LITERAL_NULL_CONVERSION = YES;
				CLANG_WARN_OBJC_IMPLICIT_RETAIN_SELF = YES;
				CLANG_WARN_OBJC_LITERAL_CONVERSION = YES;
				CLANG_WARN_OBJC_ROOT_CLASS = YES_ERROR;
				CLANG_WARN_QUOTED_INCLUDE_IN_FRAMEWORK_HEADER = YES;
				CLANG_WARN_RANGE_LOOP_ANALYSIS = YES;
				CLANG_WARN_STRICT_PROTOTYPES = YES;
				CLANG_WARN_SUSPICIOUS_MOVE = YES;
				CLANG_WARN_UNGUARDED_AVAILABILITY = YES_AGGRESSIVE;
				CLANG_WARN_UNREACHABLE_CODE = YES;
				CLANG_WARN__DUPLICATE_METHOD_MATCH = YES;
				COPY_PHASE_STRIP = NO;
				DEBUG_INFORMATION_FORMAT = dwarf;
				ENABLE_STRICT_OBJC_MSGSEND = YES;
				ENABLE_TESTABILITY = YES;
				GCC_C_LANGUAGE_STANDARD = gnu11;
				GCC_DYNAMIC_NO_PIC = NO;
				GCC_NO_COMMON_BLOCKS = YES;
				GCC_OPTIMIZATION_LEVEL = 0;
				GCC_PREPROCESSOR_DEFINITIONS = (
					"DEBUG=1",
					"$(inherited)",
				);
				GCC_WARN_64_TO_32_BIT_CONVERSION = YES;
				GCC_WARN_ABOUT_RETURN_TYPE = YES_ERROR;
				GCC_WARN_UNDECLARED_SELECTOR = YES;
				GCC_WARN_UNINITIALIZED_AUTOS = YES_AGGRESSIVE;
				GCC_WARN_UNUSED_FUNCTION = YES;
				GCC_WARN_UNUSED_VARIABLE = YES;
				IPHONEOS_DEPLOYMENT_TARGET = 16.4;
				MTL_ENABLE_DEBUG_INFO = INCLUDE_SOURCE;
				MTL_FAST_MATH = YES;
				ONLY_ACTIVE_ARCH = YES;
				SDKROOT = iphoneos;
				SWIFT_ACTIVE_COMPILATION_CONDITIONS = DEBUG;
				SWIFT_OPTIMIZATION_LEVEL = "-Onone";
			};
			name = Debug;
		};
		A5DD24932A8DF27F00EF7364 /* Release */ = {
			isa = XCBuildConfiguration;
			buildSettings = {
				ALWAYS_SEARCH_USER_PATHS = NO;
				CLANG_ANALYZER_NONNULL = YES;
				CLANG_ANALYZER_NUMBER_OBJECT_CONVERSION = YES_AGGRESSIVE;
				CLANG_CXX_LANGUAGE_STANDARD = "gnu++20";
				CLANG_ENABLE_MODULES = YES;
				CLANG_ENABLE_OBJC_ARC = YES;
				CLANG_ENABLE_OBJC_WEAK = YES;
				CLANG_WARN_BLOCK_CAPTURE_AUTORELEASING = YES;
				CLANG_WARN_BOOL_CONVERSION = YES;
				CLANG_WARN_COMMA = YES;
				CLANG_WARN_CONSTANT_CONVERSION = YES;
				CLANG_WARN_DEPRECATED_OBJC_IMPLEMENTATIONS = YES;
				CLANG_WARN_DIRECT_OBJC_ISA_USAGE = YES_ERROR;
				CLANG_WARN_DOCUMENTATION_COMMENTS = YES;
				CLANG_WARN_EMPTY_BODY = YES;
				CLANG_WARN_ENUM_CONVERSION = YES;
				CLANG_WARN_INFINITE_RECURSION = YES;
				CLANG_WARN_INT_CONVERSION = YES;
				CLANG_WARN_NON_LITERAL_NULL_CONVERSION = YES;
				CLANG_WARN_OBJC_IMPLICIT_RETAIN_SELF = YES;
				CLANG_WARN_OBJC_LITERAL_CONVERSION = YES;
				CLANG_WARN_OBJC_ROOT_CLASS = YES_ERROR;
				CLANG_WARN_QUOTED_INCLUDE_IN_FRAMEWORK_HEADER = YES;
				CLANG_WARN_RANGE_LOOP_ANALYSIS = YES;
				CLANG_WARN_STRICT_PROTOTYPES = YES;
				CLANG_WARN_SUSPICIOUS_MOVE = YES;
				CLANG_WARN_UNGUARDED_AVAILABILITY = YES_AGGRESSIVE;
				CLANG_WARN_UNREACHABLE_CODE = YES;
				CLANG_WARN__DUPLICATE_METHOD_MATCH = YES;
				COPY_PHASE_STRIP = NO;
				DEBUG_INFORMATION_FORMAT = "dwarf-with-dsym";
				ENABLE_NS_ASSERTIONS = NO;
				ENABLE_STRICT_OBJC_MSGSEND = YES;
				GCC_C_LANGUAGE_STANDARD = gnu11;
				GCC_NO_COMMON_BLOCKS = YES;
				GCC_WARN_64_TO_32_BIT_CONVERSION = YES;
				GCC_WARN_ABOUT_RETURN_TYPE = YES_ERROR;
				GCC_WARN_UNDECLARED_SELECTOR = YES;
				GCC_WARN_UNINITIALIZED_AUTOS = YES_AGGRESSIVE;
				GCC_WARN_UNUSED_FUNCTION = YES;
				GCC_WARN_UNUSED_VARIABLE = YES;
				IPHONEOS_DEPLOYMENT_TARGET = 16.4;
				MTL_ENABLE_DEBUG_INFO = NO;
				MTL_FAST_MATH = YES;
				SDKROOT = iphoneos;
				SWIFT_COMPILATION_MODE = wholemodule;
				SWIFT_OPTIMIZATION_LEVEL = "-O";
				VALIDATE_PRODUCT = YES;
			};
			name = Release;
		};
		A5DD24952A8DF27F00EF7364 /* Debug */ = {
			isa = XCBuildConfiguration;
			buildSettings = {
				ASSETCATALOG_COMPILER_APPICON_NAME = AppIcon;
				ASSETCATALOG_COMPILER_GLOBAL_ACCENT_COLOR_NAME = AccentColor;
				CODE_SIGN_STYLE = Automatic;
				CURRENT_PROJECT_VERSION = 1;
				DEVELOPMENT_ASSET_PATHS = "\"FittedSheet-SwiftUI-Example/Preview Content\"";
				DEVELOPMENT_TEAM = B2XR5545F7;
				ENABLE_PREVIEWS = YES;
				GENERATE_INFOPLIST_FILE = YES;
				INFOPLIST_KEY_UIApplicationSceneManifest_Generation = YES;
				INFOPLIST_KEY_UIApplicationSupportsIndirectInputEvents = YES;
				INFOPLIST_KEY_UILaunchScreen_Generation = YES;
				INFOPLIST_KEY_UISupportedInterfaceOrientations_iPad = "UIInterfaceOrientationPortrait UIInterfaceOrientationPortraitUpsideDown UIInterfaceOrientationLandscapeLeft UIInterfaceOrientationLandscapeRight";
				INFOPLIST_KEY_UISupportedInterfaceOrientations_iPhone = "UIInterfaceOrientationPortrait UIInterfaceOrientationLandscapeLeft UIInterfaceOrientationLandscapeRight";
				IPHONEOS_DEPLOYMENT_TARGET = 16.0;
				LD_RUNPATH_SEARCH_PATHS = (
					"$(inherited)",
					"@executable_path/Frameworks",
				);
				MARKETING_VERSION = 1.0;
				PRODUCT_BUNDLE_IDENTIFIER = "Jeonhui.FittedSheet-SwiftUI-Example";
				PRODUCT_NAME = "$(TARGET_NAME)";
				SWIFT_EMIT_LOC_STRINGS = YES;
				SWIFT_VERSION = 5.0;
				TARGETED_DEVICE_FAMILY = "1,2";
			};
			name = Debug;
		};
		A5DD24962A8DF27F00EF7364 /* Release */ = {
			isa = XCBuildConfiguration;
			buildSettings = {
				ASSETCATALOG_COMPILER_APPICON_NAME = AppIcon;
				ASSETCATALOG_COMPILER_GLOBAL_ACCENT_COLOR_NAME = AccentColor;
				CODE_SIGN_STYLE = Automatic;
				CURRENT_PROJECT_VERSION = 1;
				DEVELOPMENT_ASSET_PATHS = "\"FittedSheet-SwiftUI-Example/Preview Content\"";
				DEVELOPMENT_TEAM = B2XR5545F7;
				ENABLE_PREVIEWS = YES;
				GENERATE_INFOPLIST_FILE = YES;
				INFOPLIST_KEY_UIApplicationSceneManifest_Generation = YES;
				INFOPLIST_KEY_UIApplicationSupportsIndirectInputEvents = YES;
				INFOPLIST_KEY_UILaunchScreen_Generation = YES;
				INFOPLIST_KEY_UISupportedInterfaceOrientations_iPad = "UIInterfaceOrientationPortrait UIInterfaceOrientationPortraitUpsideDown UIInterfaceOrientationLandscapeLeft UIInterfaceOrientationLandscapeRight";
				INFOPLIST_KEY_UISupportedInterfaceOrientations_iPhone = "UIInterfaceOrientationPortrait UIInterfaceOrientationLandscapeLeft UIInterfaceOrientationLandscapeRight";
				IPHONEOS_DEPLOYMENT_TARGET = 16.0;
				LD_RUNPATH_SEARCH_PATHS = (
					"$(inherited)",
					"@executable_path/Frameworks",
				);
				MARKETING_VERSION = 1.0;
				PRODUCT_BUNDLE_IDENTIFIER = "Jeonhui.FittedSheet-SwiftUI-Example";
				PRODUCT_NAME = "$(TARGET_NAME)";
				SWIFT_EMIT_LOC_STRINGS = YES;
				SWIFT_VERSION = 5.0;
				TARGETED_DEVICE_FAMILY = "1,2";
			};
			name = Release;
		};
/* End XCBuildConfiguration section */

/* Begin XCConfigurationList section */
		A5DD24812A8DF27E00EF7364 /* Build configuration list for PBXProject "FittedSheet-SwiftUI-Example" */ = {
			isa = XCConfigurationList;
			buildConfigurations = (
				A5DD24922A8DF27F00EF7364 /* Debug */,
				A5DD24932A8DF27F00EF7364 /* Release */,
			);
			defaultConfigurationIsVisible = 0;
			defaultConfigurationName = Release;
		};
		A5DD24942A8DF27F00EF7364 /* Build configuration list for PBXNativeTarget "FittedSheet-SwiftUI-Example" */ = {
			isa = XCConfigurationList;
			buildConfigurations = (
				A5DD24952A8DF27F00EF7364 /* Debug */,
				A5DD24962A8DF27F00EF7364 /* Release */,
			);
			defaultConfigurationIsVisible = 0;
			defaultConfigurationName = Release;
		};
/* End XCConfigurationList section */

/* Begin XCSwiftPackageProductDependency section */
		A59174722BA0A3E500ECD2BD /* FittedSheetsSwiftUI */ = {
			isa = XCSwiftPackageProductDependency;
			productName = FittedSheetsSwiftUI;
		};
/* End XCSwiftPackageProductDependency section */
	};
	rootObject = A5DD247E2A8DF27E00EF7364 /* Project object */;
}
